// !$*UTF8*$!
{
	archiveVersion = 1;
	classes = {
	};
	objectVersion = 54;
	objects = {

/* Begin PBXBuildFile section */
		023A4B33A9DE3FD1E06920C9 /* include_juce_core.mm in Sources */ = {isa = PBXBuildFile; fileRef = A693A48BA70AE8494CA8E772 /* include_juce_core.mm */; };
		17E73D93EC9BAD16453321F9 /* include_juce_graphics_Sheenbidi.c in Sources */ = {isa = PBXBuildFile; fileRef = 05E0FC7FE8F9544C99D6FAB3 /* include_juce_graphics_Sheenbidi.c */; };
		1BBFD7D032E4E2E9796AA14C /* Accelerate.framework in Frameworks */ = {isa = PBXBuildFile; fileRef = 4D45E995DFA54C0AF13A3A82 /* Accelerate.framework */; };
		20A6CEAB451B5A1656FD909D /* CoreAudioKit.framework in Frameworks */ = {isa = PBXBuildFile; fileRef = 278AEFD63AE787EC4F655A6F /* CoreAudioKit.framework */; };
		272056F9EB30D4713A0625C0 /* include_juce_audio_formats.mm in Sources */ = {isa = PBXBuildFile; fileRef = BDE285D29231AE34103DF450 /* include_juce_audio_formats.mm */; };
		2EA342F1E5CB46A1543EE403 /* Security.framework in Frameworks */ = {isa = PBXBuildFile; fileRef = 4D872A393432945CEBD41E23 /* Security.framework */; };
		3241A49D0E806424597EE0FF /* include_juce_core_CompilationTime.cpp in Sources */ = {isa = PBXBuildFile; fileRef = DD0090F749E53B10D85891D3 /* include_juce_core_CompilationTime.cpp */; };
		3EB7E4C29397226684BEBCE8 /* QuartzCore.framework in Frameworks */ = {isa = PBXBuildFile; fileRef = 75F3C3F309E250D2F8755506 /* QuartzCore.framework */; };
		4463BAF0134D498FDAA4E1BE /* AudioToolbox.framework in Frameworks */ = {isa = PBXBuildFile; fileRef = 93F4F00BA63180147C2AE711 /* AudioToolbox.framework */; };
		5243830D48560DA853C30CA9 /* include_juce_audio_devices.mm in Sources */ = {isa = PBXBuildFile; fileRef = 199FC275B594B83B5DB4448C /* include_juce_audio_devices.mm */; };
		53E80FF89EBB4EF583B20B9B /* include_juce_audio_processors_headless_lv2_libs.cpp in Sources */ = {isa = PBXBuildFile; fileRef = EA98F80C9411E06A12454B21 /* include_juce_audio_processors_headless_lv2_libs.cpp */; };
		6F1E8ECB93442FD55E86713C /* include_juce_audio_utils.mm in Sources */ = {isa = PBXBuildFile; fileRef = E5948C472CFF20176F5CA0C9 /* include_juce_audio_utils.mm */; };
		7CB512212778010C2C727E12 /* include_juce_graphics_Harfbuzz.cpp in Sources */ = {isa = PBXBuildFile; fileRef = 498AE6F35C181D252D1F2D1B /* include_juce_graphics_Harfbuzz.cpp */; };
		7D46F0AA9174B429168FEB44 /* include_juce_dsp.mm in Sources */ = {isa = PBXBuildFile; fileRef = 9CE4C50993CAD12B3C9C0663 /* include_juce_dsp.mm */; };
		822BC2D8814C4B0CAB91019F /* RecentFilesMenuTemplate.nib in Resources */ = {isa = PBXBuildFile; fileRef = A798492841F5316EDF06D663 /* RecentFilesMenuTemplate.nib */; };
		83AFD434E814F834416CBAC1 /* include_juce_graphics.mm in Sources */ = {isa = PBXBuildFile; fileRef = 0DA55DB56FA604BBA1F0FCD7 /* include_juce_graphics.mm */; };
		8C384C2025D5D69F6728EA39 /* CoreAudio.framework in Frameworks */ = {isa = PBXBuildFile; fileRef = 03B63C75AC1CF0BC141BD13D /* CoreAudio.framework */; };
		98C7BE416C8705FF70854113 /* CoreMIDI.framework in Frameworks */ = {isa = PBXBuildFile; fileRef = 04E9B02AEB85C4B2A1A51A00 /* CoreMIDI.framework */; };
		9A592B415183D1530FD4541B /* include_juce_events.mm in Sources */ = {isa = PBXBuildFile; fileRef = F445BF5820439E724F78AF7B /* include_juce_events.mm */; };
		9F2FBB6B4329041C60B48FA7 /* Foundation.framework in Frameworks */ = {isa = PBXBuildFile; fileRef = 0701AADEB4E1310A918C29FA /* Foundation.framework */; };
		A69AF9C79A41DD90EE782B58 /* include_juce_gui_basics.mm in Sources */ = {isa = PBXBuildFile; fileRef = 723A35336774B99FEC5BBFDE /* include_juce_gui_basics.mm */; };
		A92D9F198ECA724C4C9900C4 /* include_juce_audio_processors_headless_ara.cpp in Sources */ = {isa = PBXBuildFile; fileRef = 10CDD1411EE26CD6099CC570 /* include_juce_audio_processors_headless_ara.cpp */; };
		BBB40F870BD496FDDA16C55D /* Cocoa.framework in Frameworks */ = {isa = PBXBuildFile; fileRef = 79DA464ED3A890E1C0E7ADBA /* Cocoa.framework */; };
		CFF25CE2F6B1A8245D12F0F5 /* WebKit.framework in Frameworks */ = {isa = PBXBuildFile; fileRef = 72E0A01BBC8D9F1EA12DE753 /* WebKit.framework */; };
		D7ACC82C6223DEE07A9AB612 /* Main.cpp in Sources */ = {isa = PBXBuildFile; fileRef = D7E8CEBE08C49458ECD1D583 /* Main.cpp */; };
		DBDADF92643AB1B0146E06D5 /* IOKit.framework in Frameworks */ = {isa = PBXBuildFile; fileRef = 5E472FEBF66B902048CBE48B /* IOKit.framework */; };
		E51E05E0ED78AA72DBCFC091 /* include_juce_data_structures.mm in Sources */ = {isa = PBXBuildFile; fileRef = C92B9BFFFF2CB3FCAB1F6698 /* include_juce_data_structures.mm */; };
		E9B57D0AEB598C9363A9B7FC /* MetalKit.framework in Frameworks */ = {isa = PBXBuildFile; fileRef = 6871D2FA3E345C467D8178E0 /* MetalKit.framework */; settings = {ATTRIBUTES = (Weak, ); }; };
		E9EE618AE93A06170E2F77DF /* include_juce_audio_processors.mm in Sources */ = {isa = PBXBuildFile; fileRef = 59FF565D105274BBE34097C4 /* include_juce_audio_processors.mm */; };
		EA11A2DA2DEDF3E3440ED22C /* include_juce_audio_basics.mm in Sources */ = {isa = PBXBuildFile; fileRef = 3973B92FE0DADF9F256B05EB /* include_juce_audio_basics.mm */; };
		F078E7CA3DBD6E6D2463D52B /* include_juce_gui_extra.mm in Sources */ = {isa = PBXBuildFile; fileRef = 84EBF1695AE6E0D433399344 /* include_juce_gui_extra.mm */; };
		F3C09A9EE02F8748A0B8B0D1 /* include_juce_audio_processors_headless.mm in Sources */ = {isa = PBXBuildFile; fileRef = E17D1BC3400DB9D5FD0FBBB5 /* include_juce_audio_processors_headless.mm */; };
		F4CB0B6E5A2AD85C0E582BB2 /* Metal.framework in Frameworks */ = {isa = PBXBuildFile; fileRef = 8A136E94EC3265F800DE6261 /* Metal.framework */; settings = {ATTRIBUTES = (Weak, ); }; };
		F4E56E40A84793200B53184C /* DiscRecording.framework in Frameworks */ = {isa = PBXBuildFile; fileRef = 8247CE786CB24C1BD8752DB7 /* DiscRecording.framework */; };
/* End PBXBuildFile section */

/* Begin PBXFileReference section */
		0124D4F51FB7BB79FC65F36F /* juce_audio_processors */ = {isa = PBXFileReference; lastKnownFileType = folder; name = juce_audio_processors; path = /Users/ernestforzano/Desktop/JUCE/modules/juce_audio_processors; sourceTree = "<absolute>"; };
		03B63C75AC1CF0BC141BD13D /* CoreAudio.framework */ = {isa = PBXFileReference; lastKnownFileType = wrapper.framework; name = CoreAudio.framework; path = System/Library/Frameworks/CoreAudio.framework; sourceTree = SDKROOT; };
		04E9B02AEB85C4B2A1A51A00 /* CoreMIDI.framework */ = {isa = PBXFileReference; lastKnownFileType = wrapper.framework; name = CoreMIDI.framework; path = System/Library/Frameworks/CoreMIDI.framework; sourceTree = SDKROOT; };
		05E0FC7FE8F9544C99D6FAB3 /* include_juce_graphics_Sheenbidi.c */ = {isa = PBXFileReference; lastKnownFileType = sourcecode.c.c; name = include_juce_graphics_Sheenbidi.c; path = ../../JuceLibraryCode/include_juce_graphics_Sheenbidi.c; sourceTree = SOURCE_ROOT; };
		06F7431732A540F7C78FE518 /* juce_gui_basics */ = {isa = PBXFileReference; lastKnownFileType = folder; name = juce_gui_basics; path = /Users/ernestforzano/Desktop/JUCE/modules/juce_gui_basics; sourceTree = "<absolute>"; };
		0701AADEB4E1310A918C29FA /* Foundation.framework */ = {isa = PBXFileReference; lastKnownFileType = wrapper.framework; name = Foundation.framework; path = System/Library/Frameworks/Foundation.framework; sourceTree = SDKROOT; };
		0DA55DB56FA604BBA1F0FCD7 /* include_juce_graphics.mm */ = {isa = PBXFileReference; lastKnownFileType = sourcecode.cpp.objcpp; name = include_juce_graphics.mm; path = ../../JuceLibraryCode/include_juce_graphics.mm; sourceTree = SOURCE_ROOT; };
		10CDD1411EE26CD6099CC570 /* include_juce_audio_processors_headless_ara.cpp */ = {isa = PBXFileReference; lastKnownFileType = sourcecode.cpp.cpp; name = include_juce_audio_processors_headless_ara.cpp; path = ../../JuceLibraryCode/include_juce_audio_processors_headless_ara.cpp; sourceTree = SOURCE_ROOT; };
		199FC275B594B83B5DB4448C /* include_juce_audio_devices.mm */ = {isa = PBXFileReference; lastKnownFileType = sourcecode.cpp.objcpp; name = include_juce_audio_devices.mm; path = ../../JuceLibraryCode/include_juce_audio_devices.mm; sourceTree = SOURCE_ROOT; };
		1E3C64200A1C4F720DC6A9EC /* AccessibilityDemo.app */ = {isa = PBXFileReference; explicitFileType = wrapper.application; includeInIndex = 0; path = AccessibilityDemo.app; sourceTree = BUILT_PRODUCTS_DIR; };
		278AEFD63AE787EC4F655A6F /* CoreAudioKit.framework */ = {isa = PBXFileReference; lastKnownFileType = wrapper.framework; name = CoreAudioKit.framework; path = System/Library/Frameworks/CoreAudioKit.framework; sourceTree = SDKROOT; };
		306050BFA9B2F82F2742B8BC /* juce_data_structures */ = {isa = PBXFileReference; lastKnownFileType = folder; name = juce_data_structures; path = /Users/ernestforzano/Desktop/JUCE/modules/juce_data_structures; sourceTree = "<absolute>"; };
		38F2014BDD56C277A525E9D0 /* JuceHeader.h */ = {isa = PBXFileReference; lastKnownFileType = sourcecode.c.h; name = JuceHeader.h; path = ../../JuceLibraryCode/JuceHeader.h; sourceTree = SOURCE_ROOT; };
		3973B92FE0DADF9F256B05EB /* include_juce_audio_basics.mm */ = {isa = PBXFileReference; lastKnownFileType = sourcecode.cpp.objcpp; name = include_juce_audio_basics.mm; path = ../../JuceLibraryCode/include_juce_audio_basics.mm; sourceTree = SOURCE_ROOT; };
		44C1F74CF63B0E412C5C9EF3 /* juce_graphics */ = {isa = PBXFileReference; lastKnownFileType = folder; name = juce_graphics; path = /Users/ernestforzano/Desktop/JUCE/modules/juce_graphics; sourceTree = "<absolute>"; };
		498AE6F35C181D252D1F2D1B /* include_juce_graphics_Harfbuzz.cpp */ = {isa = PBXFileReference; lastKnownFileType = sourcecode.cpp.cpp; name = include_juce_graphics_Harfbuzz.cpp; path = ../../JuceLibraryCode/include_juce_graphics_Harfbuzz.cpp; sourceTree = SOURCE_ROOT; };
		4D45E995DFA54C0AF13A3A82 /* Accelerate.framework */ = {isa = PBXFileReference; lastKnownFileType = wrapper.framework; name = Accelerate.framework; path = System/Library/Frameworks/Accelerate.framework; sourceTree = SDKROOT; };
		4D872A393432945CEBD41E23 /* Security.framework */ = {isa = PBXFileReference; lastKnownFileType = wrapper.framework; name = Security.framework; path = System/Library/Frameworks/Security.framework; sourceTree = SDKROOT; };
		59FF565D105274BBE34097C4 /* include_juce_audio_processors.mm */ = {isa = PBXFileReference; lastKnownFileType = sourcecode.cpp.objcpp; name = include_juce_audio_processors.mm; path = ../../JuceLibraryCode/include_juce_audio_processors.mm; sourceTree = SOURCE_ROOT; };
		5BC5CECB021B2D41EA053BC3 /* juce_dsp */ = {isa = PBXFileReference; lastKnownFileType = folder; name = juce_dsp; path = /Users/ernestforzano/Desktop/JUCE/modules/juce_dsp; sourceTree = "<absolute>"; };
		5E472FEBF66B902048CBE48B /* IOKit.framework */ = {isa = PBXFileReference; lastKnownFileType = wrapper.framework; name = IOKit.framework; path = System/Library/Frameworks/IOKit.framework; sourceTree = SDKROOT; };
		6871D2FA3E345C467D8178E0 /* MetalKit.framework */ = {isa = PBXFileReference; lastKnownFileType = wrapper.framework; name = MetalKit.framework; path = System/Library/Frameworks/MetalKit.framework; sourceTree = SDKROOT; };
		6B9B5B7400E9279714CA9F53 /* juce_core */ = {isa = PBXFileReference; lastKnownFileType = folder; name = juce_core; path = /Users/ernestforzano/Desktop/JUCE/modules/juce_core; sourceTree = "<absolute>"; };
		70C9B193C42E521016620206 /* juce_audio_formats */ = {isa = PBXFileReference; lastKnownFileType = folder; name = juce_audio_formats; path = /Users/ernestforzano/Desktop/JUCE/modules/juce_audio_formats; sourceTree = "<absolute>"; };
		723A35336774B99FEC5BBFDE /* include_juce_gui_basics.mm */ = {isa = PBXFileReference; lastKnownFileType = sourcecode.cpp.objcpp; name = include_juce_gui_basics.mm; path = ../../JuceLibraryCode/include_juce_gui_basics.mm; sourceTree = SOURCE_ROOT; };
		72E0A01BBC8D9F1EA12DE753 /* WebKit.framework */ = {isa = PBXFileReference; lastKnownFileType = wrapper.framework; name = WebKit.framework; path = System/Library/Frameworks/WebKit.framework; sourceTree = SDKROOT; };
		75F3C3F309E250D2F8755506 /* QuartzCore.framework */ = {isa = PBXFileReference; lastKnownFileType = wrapper.framework; name = QuartzCore.framework; path = System/Library/Frameworks/QuartzCore.framework; sourceTree = SDKROOT; };
		79DA464ED3A890E1C0E7ADBA /* Cocoa.framework */ = {isa = PBXFileReference; lastKnownFileType = wrapper.framework; name = Cocoa.framework; path = System/Library/Frameworks/Cocoa.framework; sourceTree = SDKROOT; };
		81CF1E788EF926EFA83F9CDB /* juce_audio_devices */ = {isa = PBXFileReference; lastKnownFileType = folder; name = juce_audio_devices; path = /Users/ernestforzano/Desktop/JUCE/modules/juce_audio_devices; sourceTree = "<absolute>"; };
		8247CE786CB24C1BD8752DB7 /* DiscRecording.framework */ = {isa = PBXFileReference; lastKnownFileType = wrapper.framework; name = DiscRecording.framework; path = System/Library/Frameworks/DiscRecording.framework; sourceTree = SDKROOT; };
		84EBF1695AE6E0D433399344 /* include_juce_gui_extra.mm */ = {isa = PBXFileReference; lastKnownFileType = sourcecode.cpp.objcpp; name = include_juce_gui_extra.mm; path = ../../JuceLibraryCode/include_juce_gui_extra.mm; sourceTree = SOURCE_ROOT; };
		8A136E94EC3265F800DE6261 /* Metal.framework */ = {isa = PBXFileReference; lastKnownFileType = wrapper.framework; name = Metal.framework; path = System/Library/Frameworks/Metal.framework; sourceTree = SDKROOT; };
		93F4F00BA63180147C2AE711 /* AudioToolbox.framework */ = {isa = PBXFileReference; lastKnownFileType = wrapper.framework; name = AudioToolbox.framework; path = System/Library/Frameworks/AudioToolbox.framework; sourceTree = SDKROOT; };
		9CE4C50993CAD12B3C9C0663 /* include_juce_dsp.mm */ = {isa = PBXFileReference; lastKnownFileType = sourcecode.cpp.objcpp; name = include_juce_dsp.mm; path = ../../JuceLibraryCode/include_juce_dsp.mm; sourceTree = SOURCE_ROOT; };
		9F9B016C3C56930FE459885D /* AccessibilityDemo.h */ = {isa = PBXFileReference; lastKnownFileType = sourcecode.c.h; name = AccessibilityDemo.h; path = ../../Source/AccessibilityDemo.h; sourceTree = SOURCE_ROOT; };
		A693A48BA70AE8494CA8E772 /* include_juce_core.mm */ = {isa = PBXFileReference; lastKnownFileType = sourcecode.cpp.objcpp; name = include_juce_core.mm; path = ../../JuceLibraryCode/include_juce_core.mm; sourceTree = SOURCE_ROOT; };
		A798492841F5316EDF06D663 /* RecentFilesMenuTemplate.nib */ = {isa = PBXFileReference; lastKnownFileType = file.nib; path = RecentFilesMenuTemplate.nib; sourceTree = SOURCE_ROOT; };
		A9F22E18B94311E8FC644435 /* juce_audio_processors_headless */ = {isa = PBXFileReference; lastKnownFileType = folder; name = juce_audio_processors_headless; path = /Users/ernestforzano/Desktop/JUCE/modules/juce_audio_processors_headless; sourceTree = "<absolute>"; };
		B56B6A604E17207DE4D20039 /* AudioDeviceManager.h */ = {isa = PBXFileReference; lastKnownFileType = sourcecode.c.h; name = AudioDeviceManager.h; path = ../../Source/AudioDeviceManager.h; sourceTree = SOURCE_ROOT; };
		BDAA90E67E181755F0DE2922 /* Info-App.plist */ = {isa = PBXFileReference; lastKnownFileType = text.plist.xml; path = "Info-App.plist"; sourceTree = SOURCE_ROOT; };
		BDE285D29231AE34103DF450 /* include_juce_audio_formats.mm */ = {isa = PBXFileReference; lastKnownFileType = sourcecode.cpp.objcpp; name = include_juce_audio_formats.mm; path = ../../JuceLibraryCode/include_juce_audio_formats.mm; sourceTree = SOURCE_ROOT; };
		C095C6B362C1C8367606B961 /* juce_audio_utils */ = {isa = PBXFileReference; lastKnownFileType = folder; name = juce_audio_utils; path = /Users/ernestforzano/Desktop/JUCE/modules/juce_audio_utils; sourceTree = "<absolute>"; };
		C92B9BFFFF2CB3FCAB1F6698 /* include_juce_data_structures.mm */ = {isa = PBXFileReference; lastKnownFileType = sourcecode.cpp.objcpp; name = include_juce_data_structures.mm; path = ../../JuceLibraryCode/include_juce_data_structures.mm; sourceTree = SOURCE_ROOT; };
		D7E8CEBE08C49458ECD1D583 /* Main.cpp */ = {isa = PBXFileReference; lastKnownFileType = sourcecode.cpp.cpp; name = Main.cpp; path = ../../Source/Main.cpp; sourceTree = SOURCE_ROOT; };
		DD0090F749E53B10D85891D3 /* include_juce_core_CompilationTime.cpp */ = {isa = PBXFileReference; lastKnownFileType = sourcecode.cpp.cpp; name = include_juce_core_CompilationTime.cpp; path = ../../JuceLibraryCode/include_juce_core_CompilationTime.cpp; sourceTree = SOURCE_ROOT; };
		E17D1BC3400DB9D5FD0FBBB5 /* include_juce_audio_processors_headless.mm */ = {isa = PBXFileReference; lastKnownFileType = sourcecode.cpp.objcpp; name = include_juce_audio_processors_headless.mm; path = ../../JuceLibraryCode/include_juce_audio_processors_headless.mm; sourceTree = SOURCE_ROOT; };
		E5948C472CFF20176F5CA0C9 /* include_juce_audio_utils.mm */ = {isa = PBXFileReference; lastKnownFileType = sourcecode.cpp.objcpp; name = include_juce_audio_utils.mm; path = ../../JuceLibraryCode/include_juce_audio_utils.mm; sourceTree = SOURCE_ROOT; };
		EA931617970F2656351EF1E9 /* juce_gui_extra */ = {isa = PBXFileReference; lastKnownFileType = folder; name = juce_gui_extra; path = /Users/ernestforzano/Desktop/JUCE/modules/juce_gui_extra; sourceTree = "<absolute>"; };
		EA98F80C9411E06A12454B21 /* include_juce_audio_processors_headless_lv2_libs.cpp */ = {isa = PBXFileReference; lastKnownFileType = sourcecode.cpp.cpp; name = include_juce_audio_processors_headless_lv2_libs.cpp; path = ../../JuceLibraryCode/include_juce_audio_processors_headless_lv2_libs.cpp; sourceTree = SOURCE_ROOT; };
		EDBEDD07BD2A34B4DB7E2DC0 /* juce_events */ = {isa = PBXFileReference; lastKnownFileType = folder; name = juce_events; path = /Users/ernestforzano/Desktop/JUCE/modules/juce_events; sourceTree = "<absolute>"; };
		F445BF5820439E724F78AF7B /* include_juce_events.mm */ = {isa = PBXFileReference; lastKnownFileType = sourcecode.cpp.objcpp; name = include_juce_events.mm; path = ../../JuceLibraryCode/include_juce_events.mm; sourceTree = SOURCE_ROOT; };
		F48868FED559965ECCC6CDC9 /* DemoUtilities.h */ = {isa = PBXFileReference; lastKnownFileType = sourcecode.c.h; name = DemoUtilities.h; path = ../../Source/DemoUtilities.h; sourceTree = SOURCE_ROOT; };
		F8C633CF36B0D13893D3AF9F /* juce_audio_basics */ = {isa = PBXFileReference; lastKnownFileType = folder; name = juce_audio_basics; path = /Users/ernestforzano/Desktop/JUCE/modules/juce_audio_basics; sourceTree = "<absolute>"; };
		FA9D3143DEE388C3E344C804 /* DSPDemos_Common.h */ = {isa = PBXFileReference; lastKnownFileType = sourcecode.c.h; name = DSPDemos_Common.h; path = ../../Source/DSPDemos_Common.h; sourceTree = SOURCE_ROOT; };
/* End PBXFileReference section */

/* Begin PBXFrameworksBuildPhase section */
		3F7ECB2B4A81068A0DAA63A7 /* Frameworks */ = {
			isa = PBXFrameworksBuildPhase;
			buildActionMask = 2147483647;
			files = (
				1BBFD7D032E4E2E9796AA14C /* Accelerate.framework in Frameworks */,
				4463BAF0134D498FDAA4E1BE /* AudioToolbox.framework in Frameworks */,
				BBB40F870BD496FDDA16C55D /* Cocoa.framework in Frameworks */,
				8C384C2025D5D69F6728EA39 /* CoreAudio.framework in Frameworks */,
				20A6CEAB451B5A1656FD909D /* CoreAudioKit.framework in Frameworks */,
				98C7BE416C8705FF70854113 /* CoreMIDI.framework in Frameworks */,
				F4E56E40A84793200B53184C /* DiscRecording.framework in Frameworks */,
				9F2FBB6B4329041C60B48FA7 /* Foundation.framework in Frameworks */,
				DBDADF92643AB1B0146E06D5 /* IOKit.framework in Frameworks */,
				3EB7E4C29397226684BEBCE8 /* QuartzCore.framework in Frameworks */,
				2EA342F1E5CB46A1543EE403 /* Security.framework in Frameworks */,
				CFF25CE2F6B1A8245D12F0F5 /* WebKit.framework in Frameworks */,
				F4CB0B6E5A2AD85C0E582BB2 /* Metal.framework in Frameworks */,
				E9B57D0AEB598C9363A9B7FC /* MetalKit.framework in Frameworks */,
			);
			runOnlyForDeploymentPostprocessing = 0;
		};
/* End PBXFrameworksBuildPhase section */

/* Begin PBXGroup section */
		0428D1D29BCFD49C57165BAA /* Frameworks */ = {
			isa = PBXGroup;
			children = (
				4D45E995DFA54C0AF13A3A82 /* Accelerate.framework */,
				93F4F00BA63180147C2AE711 /* AudioToolbox.framework */,
				79DA464ED3A890E1C0E7ADBA /* Cocoa.framework */,
				03B63C75AC1CF0BC141BD13D /* CoreAudio.framework */,
				278AEFD63AE787EC4F655A6F /* CoreAudioKit.framework */,
				04E9B02AEB85C4B2A1A51A00 /* CoreMIDI.framework */,
				8247CE786CB24C1BD8752DB7 /* DiscRecording.framework */,
				0701AADEB4E1310A918C29FA /* Foundation.framework */,
				5E472FEBF66B902048CBE48B /* IOKit.framework */,
				75F3C3F309E250D2F8755506 /* QuartzCore.framework */,
				4D872A393432945CEBD41E23 /* Security.framework */,
				72E0A01BBC8D9F1EA12DE753 /* WebKit.framework */,
				8A136E94EC3265F800DE6261 /* Metal.framework */,
				6871D2FA3E345C467D8178E0 /* MetalKit.framework */,
			);
			name = Frameworks;
			sourceTree = "<group>";
		};
		1E8E3F73FAF5DC4BEEC86DAC /* Assets */ = {
			isa = PBXGroup;
			children = (
				F48868FED559965ECCC6CDC9 /* DemoUtilities.h */,
				FA9D3143DEE388C3E344C804 /* DSPDemos_Common.h */,
			);
			name = Assets;
			sourceTree = "<group>";
		};
		26CEAB090BF69EF40E5F2198 /* Source */ = {
			isa = PBXGroup;
			children = (
				B56B6A604E17207DE4D20039 /* AudioDeviceManager.h */,
				D7E8CEBE08C49458ECD1D583 /* Main.cpp */,
				9F9B016C3C56930FE459885D /* AccessibilityDemo.h */,
			);
			name = Source;
			sourceTree = "<group>";
		};
		30972526EACA8FD2F842FE54 /* AccessibilityDemo */ = {
			isa = PBXGroup;
			children = (
				26CEAB090BF69EF40E5F2198 /* Source */,
				1E8E3F73FAF5DC4BEEC86DAC /* Assets */,
			);
			name = AccessibilityDemo;
			sourceTree = "<group>";
		};
		49AB01623E0D298B3E09766C /* JUCE Modules */ = {
			isa = PBXGroup;
			children = (
				F8C633CF36B0D13893D3AF9F /* juce_audio_basics */,
				81CF1E788EF926EFA83F9CDB /* juce_audio_devices */,
				70C9B193C42E521016620206 /* juce_audio_formats */,
				0124D4F51FB7BB79FC65F36F /* juce_audio_processors */,
				A9F22E18B94311E8FC644435 /* juce_audio_processors_headless */,
				C095C6B362C1C8367606B961 /* juce_audio_utils */,
				6B9B5B7400E9279714CA9F53 /* juce_core */,
				306050BFA9B2F82F2742B8BC /* juce_data_structures */,
				5BC5CECB021B2D41EA053BC3 /* juce_dsp */,
				EDBEDD07BD2A34B4DB7E2DC0 /* juce_events */,
				44C1F74CF63B0E412C5C9EF3 /* juce_graphics */,
				06F7431732A540F7C78FE518 /* juce_gui_basics */,
				EA931617970F2656351EF1E9 /* juce_gui_extra */,
			);
			name = "JUCE Modules";
			sourceTree = "<group>";
		};
		5583440C0430A4BA0439E894 /* Resources */ = {
			isa = PBXGroup;
			children = (
				BDAA90E67E181755F0DE2922 /* Info-App.plist */,
				A798492841F5316EDF06D663 /* RecentFilesMenuTemplate.nib */,
			);
			name = Resources;
			sourceTree = "<group>";
		};
		620A4B626082875520F2342A /* Products */ = {
			isa = PBXGroup;
			children = (
				1E3C64200A1C4F720DC6A9EC /* AccessibilityDemo.app */,
			);
			name = Products;
			sourceTree = "<group>";
		};
		84736E5331F4FCEE7A66DF00 /* Source */ = {
			isa = PBXGroup;
			children = (
				30972526EACA8FD2F842FE54 /* AccessibilityDemo */,
				49AB01623E0D298B3E09766C /* JUCE Modules */,
				BE3A52B5BE2E06EB147F4EDB /* JUCE Library Code */,
				5583440C0430A4BA0439E894 /* Resources */,
				0428D1D29BCFD49C57165BAA /* Frameworks */,
				620A4B626082875520F2342A /* Products */,
			);
			name = Source;
			sourceTree = "<group>";
		};
		BE3A52B5BE2E06EB147F4EDB /* JUCE Library Code */ = {
			isa = PBXGroup;
			children = (
				3973B92FE0DADF9F256B05EB /* include_juce_audio_basics.mm */,
				199FC275B594B83B5DB4448C /* include_juce_audio_devices.mm */,
				BDE285D29231AE34103DF450 /* include_juce_audio_formats.mm */,
				59FF565D105274BBE34097C4 /* include_juce_audio_processors.mm */,
				E17D1BC3400DB9D5FD0FBBB5 /* include_juce_audio_processors_headless.mm */,
				10CDD1411EE26CD6099CC570 /* include_juce_audio_processors_headless_ara.cpp */,
				EA98F80C9411E06A12454B21 /* include_juce_audio_processors_headless_lv2_libs.cpp */,
				E5948C472CFF20176F5CA0C9 /* include_juce_audio_utils.mm */,
				A693A48BA70AE8494CA8E772 /* include_juce_core.mm */,
				DD0090F749E53B10D85891D3 /* include_juce_core_CompilationTime.cpp */,
				C92B9BFFFF2CB3FCAB1F6698 /* include_juce_data_structures.mm */,
				9CE4C50993CAD12B3C9C0663 /* include_juce_dsp.mm */,
				F445BF5820439E724F78AF7B /* include_juce_events.mm */,
				0DA55DB56FA604BBA1F0FCD7 /* include_juce_graphics.mm */,
				498AE6F35C181D252D1F2D1B /* include_juce_graphics_Harfbuzz.cpp */,
				05E0FC7FE8F9544C99D6FAB3 /* include_juce_graphics_Sheenbidi.c */,
				723A35336774B99FEC5BBFDE /* include_juce_gui_basics.mm */,
				84EBF1695AE6E0D433399344 /* include_juce_gui_extra.mm */,
				38F2014BDD56C277A525E9D0 /* JuceHeader.h */,
			);
			name = "JUCE Library Code";
			sourceTree = "<group>";
		};
/* End PBXGroup section */

/* Begin PBXNativeTarget section */
		0981B84916F4740F8EAD72A6 /* AccessibilityDemo - App */ = {
			isa = PBXNativeTarget;
			buildConfigurationList = 80C675DD3037881F68EF39A6 /* Build configuration list for PBXNativeTarget "AccessibilityDemo - App" */;
			buildPhases = (
				353BA233A11AE8F9DCD9337E /* Resources */,
				EAD7A1FB26B398365D17E2A7 /* Sources */,
				3F7ECB2B4A81068A0DAA63A7 /* Frameworks */,
			);
			buildRules = (
			);
			dependencies = (
			);
			name = "AccessibilityDemo - App";
			productName = AccessibilityDemo;
			productReference = 1E3C64200A1C4F720DC6A9EC /* AccessibilityDemo.app */;
			productType = "com.apple.product-type.application";
		};
/* End PBXNativeTarget section */

/* Begin PBXProject section */
		CE7EEE7B7A0BD7235E110064 /* Project object */ = {
			isa = PBXProject;
			attributes = {
				BuildIndependentTargetsInParallel = YES;
				LastUpgradeCheck = 1540;
				ORGANIZATIONNAME = JUCE;
				TargetAttributes = {
					0981B84916F4740F8EAD72A6 = {
						SystemCapabilities = {
							com.apple.ApplicationGroups.iOS = {
								enabled = 0;
							};
							com.apple.HardenedRuntime = {
								enabled = 0;
							};
							com.apple.InAppPurchase = {
								enabled = 0;
							};
							com.apple.InterAppAudio = {
								enabled = 0;
							};
							com.apple.Push = {
								enabled = 0;
							};
							com.apple.Sandbox = {
								enabled = 0;
							};
						};
					};
				};
			};
			buildConfigurationList = 41D10F7C8DE10EFDD1B8CB2E /* Build configuration list for PBXProject "AccessibilityDemo" */;
			compatibilityVersion = "Xcode 3.2";
			developmentRegion = en;
			hasScannedForEncodings = 0;
			knownRegions = (
				en,
				Base,
			);
			mainGroup = 84736E5331F4FCEE7A66DF00 /* Source */;
			projectDirPath = "";
			projectRoot = "";
			targets = (
				0981B84916F4740F8EAD72A6 /* AccessibilityDemo - App */,
			);
		};
/* End PBXProject section */

/* Begin PBXResourcesBuildPhase section */
		353BA233A11AE8F9DCD9337E /* Resources */ = {
			isa = PBXResourcesBuildPhase;
			buildActionMask = 2147483647;
			files = (
				822BC2D8814C4B0CAB91019F /* RecentFilesMenuTemplate.nib in Resources */,
			);
			runOnlyForDeploymentPostprocessing = 0;
		};
/* End PBXResourcesBuildPhase section */

/* Begin PBXSourcesBuildPhase section */
		EAD7A1FB26B398365D17E2A7 /* Sources */ = {
			isa = PBXSourcesBuildPhase;
			buildActionMask = 2147483647;
			files = (
				D7ACC82C6223DEE07A9AB612 /* Main.cpp in Sources */,
				EA11A2DA2DEDF3E3440ED22C /* include_juce_audio_basics.mm in Sources */,
				5243830D48560DA853C30CA9 /* include_juce_audio_devices.mm in Sources */,
				272056F9EB30D4713A0625C0 /* include_juce_audio_formats.mm in Sources */,
				E9EE618AE93A06170E2F77DF /* include_juce_audio_processors.mm in Sources */,
				F3C09A9EE02F8748A0B8B0D1 /* include_juce_audio_processors_headless.mm in Sources */,
				A92D9F198ECA724C4C9900C4 /* include_juce_audio_processors_headless_ara.cpp in Sources */,
				53E80FF89EBB4EF583B20B9B /* include_juce_audio_processors_headless_lv2_libs.cpp in Sources */,
				6F1E8ECB93442FD55E86713C /* include_juce_audio_utils.mm in Sources */,
				023A4B33A9DE3FD1E06920C9 /* include_juce_core.mm in Sources */,
				3241A49D0E806424597EE0FF /* include_juce_core_CompilationTime.cpp in Sources */,
				E51E05E0ED78AA72DBCFC091 /* include_juce_data_structures.mm in Sources */,
				7D46F0AA9174B429168FEB44 /* include_juce_dsp.mm in Sources */,
				9A592B415183D1530FD4541B /* include_juce_events.mm in Sources */,
				83AFD434E814F834416CBAC1 /* include_juce_graphics.mm in Sources */,
				7CB512212778010C2C727E12 /* include_juce_graphics_Harfbuzz.cpp in Sources */,
				17E73D93EC9BAD16453321F9 /* include_juce_graphics_Sheenbidi.c in Sources */,
				A69AF9C79A41DD90EE782B58 /* include_juce_gui_basics.mm in Sources */,
				F078E7CA3DBD6E6D2463D52B /* include_juce_gui_extra.mm in Sources */,
			);
			runOnlyForDeploymentPostprocessing = 0;
		};
/* End PBXSourcesBuildPhase section */

/* Begin XCBuildConfiguration section */
		14EA21158EAFE99F9AAEEC8C /* Release */ = {
			isa = XCBuildConfiguration;
			buildSettings = {
				ALWAYS_SEARCH_USER_PATHS = NO;
				CLANG_ENABLE_OBJC_WEAK = YES;
				CLANG_WARN_BLOCK_CAPTURE_AUTORELEASING = YES;
				CLANG_WARN_BOOL_CONVERSION = YES;
				CLANG_WARN_COMMA = YES;
				CLANG_WARN_CONSTANT_CONVERSION = YES;
				CLANG_WARN_DEPRECATED_OBJC_IMPLEMENTATIONS = YES;
				CLANG_WARN_EMPTY_BODY = YES;
				CLANG_WARN_ENUM_CONVERSION = YES;
				CLANG_WARN_INFINITE_RECURSION = YES;
				CLANG_WARN_INT_CONVERSION = YES;
				CLANG_WARN_NON_LITERAL_NULL_CONVERSION = YES;
				CLANG_WARN_OBJC_IMPLICIT_RETAIN_SELF = YES;
				CLANG_WARN_OBJC_LITERAL_CONVERSION = YES;
				CLANG_WARN_QUOTED_INCLUDE_IN_FRAMEWORK_HEADER = YES;
				CLANG_WARN_RANGE_LOOP_ANALYSIS = YES;
				CLANG_WARN_STRICT_PROTOTYPES = YES;
				CLANG_WARN_SUSPICIOUS_MOVE = YES;
				CLANG_WARN_UNREACHABLE_CODE = YES;
				CLANG_WARN__DUPLICATE_METHOD_MATCH = YES;
				DEAD_CODE_STRIPPING = YES;
				DEBUG_INFORMATION_FORMAT = dwarf;
				ENABLE_STRICT_OBJC_MSGSEND = YES;
				ENABLE_TESTABILITY = NO;
				ENABLE_USER_SCRIPT_SANDBOXING = YES;
				GCC_C_LANGUAGE_STANDARD = c11;
				GCC_INLINES_ARE_PRIVATE_EXTERN = YES;
				GCC_MODEL_TUNING = G5;
				GCC_NO_COMMON_BLOCKS = YES;
				GCC_SYMBOLS_PRIVATE_EXTERN = YES;
				GCC_WARN_64_TO_32_BIT_CONVERSION = YES;
				GCC_WARN_ABOUT_RETURN_TYPE = YES;
				GCC_WARN_CHECK_SWITCH_STATEMENTS = YES;
				GCC_WARN_MISSING_PARENTHESES = YES;
				GCC_WARN_NON_VIRTUAL_DESTRUCTOR = YES;
				GCC_WARN_TYPECHECK_CALLS_TO_PRINTF = YES;
				GCC_WARN_UNDECLARED_SELECTOR = YES;
				GCC_WARN_UNINITIALIZED_AUTOS = YES;
				GCC_WARN_UNUSED_FUNCTION = YES;
				GCC_WARN_UNUSED_VARIABLE = YES;
				OTHER_CODE_SIGN_FLAGS = "--timestamp";
				PRODUCT_NAME = AccessibilityDemo;
				SDKROOT = macosx;
				WARNING_CFLAGS = "-Wreorder";
				ZERO_LINK = NO;
			};
			name = Release;
		};
		1CDEB67E9A8D17437258E2C0 /* Debug */ = {
			isa = XCBuildConfiguration;
			buildSettings = {
				ALWAYS_SEARCH_USER_PATHS = NO;
				CLANG_ENABLE_OBJC_WEAK = YES;
				CLANG_WARN_BLOCK_CAPTURE_AUTORELEASING = YES;
				CLANG_WARN_BOOL_CONVERSION = YES;
				CLANG_WARN_COMMA = YES;
				CLANG_WARN_CONSTANT_CONVERSION = YES;
				CLANG_WARN_DEPRECATED_OBJC_IMPLEMENTATIONS = YES;
				CLANG_WARN_EMPTY_BODY = YES;
				CLANG_WARN_ENUM_CONVERSION = YES;
				CLANG_WARN_INFINITE_RECURSION = YES;
				CLANG_WARN_INT_CONVERSION = YES;
				CLANG_WARN_NON_LITERAL_NULL_CONVERSION = YES;
				CLANG_WARN_OBJC_IMPLICIT_RETAIN_SELF = YES;
				CLANG_WARN_OBJC_LITERAL_CONVERSION = YES;
				CLANG_WARN_QUOTED_INCLUDE_IN_FRAMEWORK_HEADER = YES;
				CLANG_WARN_RANGE_LOOP_ANALYSIS = YES;
				CLANG_WARN_STRICT_PROTOTYPES = YES;
				CLANG_WARN_SUSPICIOUS_MOVE = YES;
				CLANG_WARN_UNREACHABLE_CODE = YES;
				CLANG_WARN__DUPLICATE_METHOD_MATCH = YES;
				DEAD_CODE_STRIPPING = YES;
				DEBUG_INFORMATION_FORMAT = dwarf;
				ENABLE_STRICT_OBJC_MSGSEND = YES;
				ENABLE_TESTABILITY = YES;
				ENABLE_USER_SCRIPT_SANDBOXING = YES;
				GCC_C_LANGUAGE_STANDARD = c11;
				GCC_INLINES_ARE_PRIVATE_EXTERN = YES;
				GCC_MODEL_TUNING = G5;
				GCC_NO_COMMON_BLOCKS = YES;
				GCC_SYMBOLS_PRIVATE_EXTERN = YES;
				GCC_WARN_64_TO_32_BIT_CONVERSION = YES;
				GCC_WARN_ABOUT_RETURN_TYPE = YES;
				GCC_WARN_CHECK_SWITCH_STATEMENTS = YES;
				GCC_WARN_MISSING_PARENTHESES = YES;
				GCC_WARN_NON_VIRTUAL_DESTRUCTOR = YES;
				GCC_WARN_TYPECHECK_CALLS_TO_PRINTF = YES;
				GCC_WARN_UNDECLARED_SELECTOR = YES;
				GCC_WARN_UNINITIALIZED_AUTOS = YES;
				GCC_WARN_UNUSED_FUNCTION = YES;
				GCC_WARN_UNUSED_VARIABLE = YES;
				ONLY_ACTIVE_ARCH = YES;
				OTHER_CODE_SIGN_FLAGS = "--timestamp";
				PRODUCT_NAME = AccessibilityDemo;
				SDKROOT = macosx;
				WARNING_CFLAGS = "-Wreorder";
				ZERO_LINK = NO;
			};
			name = Debug;
		};
		7487EB20C56E398F66FB002D /* Debug */ = {
			isa = XCBuildConfiguration;
			buildSettings = {
				CLANG_CXX_LANGUAGE_STANDARD = "c++17";
				CLANG_CXX_LIBRARY = "libc++";
				CLANG_LINK_OBJC_RUNTIME = NO;
				COMBINE_HIDPI_IMAGES = YES;
				CONFIGURATION_BUILD_DIR = "$(PROJECT_DIR)/build/$(CONFIGURATION)";
				COPY_PHASE_STRIP = NO;
				DEAD_CODE_STRIPPING = YES;
				EXCLUDED_ARCHS = "";
				GCC_DYNAMIC_NO_PIC = NO;
				GCC_OPTIMIZATION_LEVEL = 0;
				GCC_PREPROCESSOR_DEFINITIONS = (
					"_DEBUG=1",
					"DEBUG=1",
					"JUCE_PROJUCER_VERSION=0x8000c",
					"JUCE_MODULE_AVAILABLE_juce_audio_basics=1",
					"JUCE_MODULE_AVAILABLE_juce_audio_devices=1",
					"JUCE_MODULE_AVAILABLE_juce_audio_formats=1",
					"JUCE_MODULE_AVAILABLE_juce_audio_processors=1",
					"JUCE_MODULE_AVAILABLE_juce_audio_processors_headless=1",
					"JUCE_MODULE_AVAILABLE_juce_audio_utils=1",
					"JUCE_MODULE_AVAILABLE_juce_core=1",
					"JUCE_MODULE_AVAILABLE_juce_data_structures=1",
					"JUCE_MODULE_AVAILABLE_juce_dsp=1",
					"JUCE_MODULE_AVAILABLE_juce_events=1",
					"JUCE_MODULE_AVAILABLE_juce_graphics=1",
					"JUCE_MODULE_AVAILABLE_juce_gui_basics=1",
					"JUCE_MODULE_AVAILABLE_juce_gui_extra=1",
					"JUCE_GLOBAL_MODULE_SETTINGS_INCLUDED=1",
					"JUCE_STRICT_REFCOUNTEDPOINTER=0",
					"JUCE_STANDALONE_APPLICATION=1",
					"PIP_JUCE_EXAMPLES_DIRECTORY=L1VzZXJzL2VybmVzdGZvcnphbm8vRGVza3RvcC9KVUNFL2V4YW1wbGVz",
					"JUCER_XCODE_MAC_F6D2F4CF=1",
					"JUCE_APP_VERSION=1.0.0",
					"JUCE_APP_VERSION_HEX=0x10000",
					"JucePlugin_Build_VST=0",
					"JucePlugin_Build_VST3=0",
					"JucePlugin_Build_AU=0",
					"JucePlugin_Build_AUv3=0",
					"JucePlugin_Build_AAX=0",
					"JucePlugin_Build_Standalone=0",
					"JucePlugin_Build_Unity=0",
					"JucePlugin_Build_LV2=0",
				);
				GCC_VERSION = com.apple.compilers.llvm.clang.1_0;
				HEADER_SEARCH_PATHS = (
					"$(SRCROOT)/../../JuceLibraryCode",
					/Users/ernestforzano/Desktop/JUCE/modules,
					"$(inherited)",
				);
				INFOPLIST_FILE = "Info-App.plist";
				INFOPLIST_PREPROCESS = NO;
				INSTALL_PATH = "$(HOME)/Applications";
				MACOSX_DEPLOYMENT_TARGET = "$(RECOMMENDED_MACOSX_DEPLOYMENT_TARGET)";
				MTL_HEADER_SEARCH_PATHS = "$(SRCROOT)/../../JuceLibraryCode /Users/ernestforzano/Desktop/JUCE/modules";
				PRODUCT_BUNDLE_IDENTIFIER = com.JUCE.AccessibilityDemo;
				PRODUCT_NAME = AccessibilityDemo;
				USE_HEADERMAP = NO;
				VALID_ARCHS = "i386 x86_64 arm64 arm64e";
			};
			name = Debug;
		};
		B0F357796B9B7F9FA13149B5 /* Release */ = {
			isa = XCBuildConfiguration;
			buildSettings = {
				CLANG_CXX_LANGUAGE_STANDARD = "c++17";
				CLANG_CXX_LIBRARY = "libc++";
				CLANG_LINK_OBJC_RUNTIME = NO;
				COMBINE_HIDPI_IMAGES = YES;
				CONFIGURATION_BUILD_DIR = "$(PROJECT_DIR)/build/$(CONFIGURATION)";
				DEAD_CODE_STRIPPING = YES;
				EXCLUDED_ARCHS = "";
				GCC_GENERATE_DEBUGGING_SYMBOLS = NO;
				GCC_OPTIMIZATION_LEVEL = 3;
				GCC_PREPROCESSOR_DEFINITIONS = (
					"_NDEBUG=1",
					"NDEBUG=1",
					"JUCE_PROJUCER_VERSION=0x8000c",
					"JUCE_MODULE_AVAILABLE_juce_audio_basics=1",
					"JUCE_MODULE_AVAILABLE_juce_audio_devices=1",
					"JUCE_MODULE_AVAILABLE_juce_audio_formats=1",
					"JUCE_MODULE_AVAILABLE_juce_audio_processors=1",
					"JUCE_MODULE_AVAILABLE_juce_audio_processors_headless=1",
					"JUCE_MODULE_AVAILABLE_juce_audio_utils=1",
					"JUCE_MODULE_AVAILABLE_juce_core=1",
					"JUCE_MODULE_AVAILABLE_juce_data_structures=1",
					"JUCE_MODULE_AVAILABLE_juce_dsp=1",
					"JUCE_MODULE_AVAILABLE_juce_events=1",
					"JUCE_MODULE_AVAILABLE_juce_graphics=1",
					"JUCE_MODULE_AVAILABLE_juce_gui_basics=1",
					"JUCE_MODULE_AVAILABLE_juce_gui_extra=1",
					"JUCE_GLOBAL_MODULE_SETTINGS_INCLUDED=1",
					"JUCE_STRICT_REFCOUNTEDPOINTER=0",
					"JUCE_STANDALONE_APPLICATION=1",
					"PIP_JUCE_EXAMPLES_DIRECTORY=L1VzZXJzL2VybmVzdGZvcnphbm8vRGVza3RvcC9KVUNFL2V4YW1wbGVz",
					"JUCER_XCODE_MAC_F6D2F4CF=1",
					"JUCE_APP_VERSION=1.0.0",
					"JUCE_APP_VERSION_HEX=0x10000",
					"JucePlugin_Build_VST=0",
					"JucePlugin_Build_VST3=0",
					"JucePlugin_Build_AU=0",
					"JucePlugin_Build_AUv3=0",
					"JucePlugin_Build_AAX=0",
					"JucePlugin_Build_Standalone=0",
					"JucePlugin_Build_Unity=0",
					"JucePlugin_Build_LV2=0",
				);
				GCC_VERSION = com.apple.compilers.llvm.clang.1_0;
				HEADER_SEARCH_PATHS = (
					"$(SRCROOT)/../../JuceLibraryCode",
					/Users/ernestforzano/Desktop/JUCE/modules,
					"$(inherited)",
				);
				INFOPLIST_FILE = "Info-App.plist";
				INFOPLIST_PREPROCESS = NO;
				INSTALL_PATH = "$(HOME)/Applications";
				LLVM_LTO = YES;
				MACOSX_DEPLOYMENT_TARGET = "$(RECOMMENDED_MACOSX_DEPLOYMENT_TARGET)";
				MTL_HEADER_SEARCH_PATHS = "$(SRCROOT)/../../JuceLibraryCode /Users/ernestforzano/Desktop/JUCE/modules";
				PRODUCT_BUNDLE_IDENTIFIER = com.JUCE.AccessibilityDemo;
				PRODUCT_NAME = AccessibilityDemo;
				USE_HEADERMAP = NO;
				VALID_ARCHS = "i386 x86_64 arm64 arm64e";
			};
			name = Release;
		};
/* End XCBuildConfiguration section */

/* Begin XCConfigurationList section */
		41D10F7C8DE10EFDD1B8CB2E /* Build configuration list for PBXProject "AccessibilityDemo" */ = {
			isa = XCConfigurationList;
			buildConfigurations = (
				14EA21158EAFE99F9AAEEC8C /* Release */,
				1CDEB67E9A8D17437258E2C0 /* Debug */,
			);
			defaultConfigurationIsVisible = 0;
			defaultConfigurationName = Debug;
		};
		80C675DD3037881F68EF39A6 /* Build configuration list for PBXNativeTarget "AccessibilityDemo - App" */ = {
			isa = XCConfigurationList;
			buildConfigurations = (
				7487EB20C56E398F66FB002D /* Debug */,
				B0F357796B9B7F9FA13149B5 /* Release */,
			);
			defaultConfigurationIsVisible = 0;
			defaultConfigurationName = Debug;
		};
/* End XCConfigurationList section */
	};
	rootObject = CE7EEE7B7A0BD7235E110064 /* Project object */;
}
